
Microsoft Visual Studio Solution File, Format Version 12.00
# Visual Studio Version 16
VisualStudioVersion = 16.0.30621.155
MinimumVisualStudioVersion = 10.0.40219.1
Project("{FAE04EC0-301F-11D3-BF4B-00C04F79EFBC}") = "mmportalMVC", "mmportalMVC\mmportalMVC.csproj", "{47C0799C-B770-4D4A-B59D-EB42C87093E4}"
EndProject
Global
	GlobalSection(SolutionConfigurationPlatforms) = preSolution
		Debug|Any CPU = Debug|Any CPU
		Release|Any CPU = Release|Any CPU
	EndGlobalSection
	GlobalSection(ProjectConfigurationPlatforms) = postSolution
		{47C0799C-B770-4D4A-B59D-EB42C87093E4}.Debug|Any CPU.ActiveCfg = Debug|Any CPU
		{47C0799C-B770-4D4A-B59D-EB42C87093E4}.Debug|Any CPU.Build.0 = Debug|Any CPU
		{47C0799C-B770-4D4A-B59D-EB42C87093E4}.Release|Any CPU.ActiveCfg = Release|Any CPU
		{47C0799C-B770-4D4A-B59D-EB42C87093E4}.Release|Any CPU.Build.0 = Release|Any CPU
	EndGlobalSection
	GlobalSection(SolutionProperties) = preSolution
		HideSolutionNode = FALSE
	EndGlobalSection
	GlobalSection(ExtensibilityGlobals) = postSolution
		SolutionGuid = {DBF115CC-7285-4EA5-B2CB-39E77A67A033}
	EndGlobalSection
EndGlobal
